# THIS IS AN AUTOGENERATED FILE. DO NOT EDIT THIS FILE DIRECTLY.
# yarn lockfile v1


gobang@^1.0.0:
  version "1.0.0"
  resolved "https://registry.npmmirror.com/gobang/-/gobang-1.0.0.tgz#c74905d9a491d49f29e639b0f4a0dc58ccce771c"
  integrity sha512-xD8Y6LFRG4Zupm/jVSyc1o49kPIwsz0HO3k+lN6CbEqT2EF0s6DoOLKfVXD9WV/1XD0bocUFJx3VbCIlmMMKoQ==
